
Microsoft Visual Studio Solution File, Format Version 12.00
# Visual Studio 15
Project("{FAE04EC0-301F-11D3-BF4B-00C04F79EFBC}") = "RTD-Alerts", "RTD-Alerts\RTD-Alerts.csproj", "{F7ED25A5-6BBE-4A08-8848-342815BABC65}"
EndProject
Global
	GlobalSection(SolutionConfigurationPlatforms) = preSolution
		Debug|Any CPU = Debug|Any CPU
		Release|Any CPU = Release|Any CPU
	EndGlobalSection
	GlobalSection(ProjectConfigurationPlatforms) = postSolution
		{F7ED25A5-6BBE-4A08-8848-342815BABC65}.Debug|Any CPU.ActiveCfg = Debug|Any CPU
		{F7ED25A5-6BBE-4A08-8848-342815BABC65}.Debug|Any CPU.Build.0 = Debug|Any CPU
		{F7ED25A5-6BBE-4A08-8848-342815BABC65}.Release|Any CPU.ActiveCfg = Release|Any CPU
		{F7ED25A5-6BBE-4A08-8848-342815BABC65}.Release|Any CPU.Build.0 = Release|Any CPU
	EndGlobalSection
EndGlobal
